
Microsoft Visual Studio Solution File, Format Version 12.00
# Visual Studio Version 17
VisualStudioVersion = 17.3.32922.545
MinimumVisualStudioVersion = 10.0.40219.1
Project("{FAE04EC0-301F-11D3-BF4B-00C04F79EFBC}") = "Convertor", "Alfa\Convertor.csproj", "{56C98BC7-1107-4730-80E3-E6693AE2393A}"
EndProject
Project("{FAE04EC0-301F-11D3-BF4B-00C04F79EFBC}") = "ConvertorTest", "ConvertorTest\ConvertorTest.csproj", "{FDAE7325-EDFD-4AE0-8640-7160C217486F}"
EndProject
Global
	GlobalSection(SolutionConfigurationPlatforms) = preSolution
		Debug|Any CPU = Debug|Any CPU
		Release|Any CPU = Release|Any CPU
	EndGlobalSection
	GlobalSection(ProjectConfigurationPlatforms) = postSolution
		{56C98BC7-1107-4730-80E3-E6693AE2393A}.Debug|Any CPU.ActiveCfg = Debug|Any CPU
		{56C98BC7-1107-4730-80E3-E6693AE2393A}.Debug|Any CPU.Build.0 = Debug|Any CPU
		{56C98BC7-1107-4730-80E3-E6693AE2393A}.Release|Any CPU.ActiveCfg = Release|Any CPU
		{56C98BC7-1107-4730-80E3-E6693AE2393A}.Release|Any CPU.Build.0 = Release|Any CPU
		{FDAE7325-EDFD-4AE0-8640-7160C217486F}.Debug|Any CPU.ActiveCfg = Debug|Any CPU
		{FDAE7325-EDFD-4AE0-8640-7160C217486F}.Debug|Any CPU.Build.0 = Debug|Any CPU
		{FDAE7325-EDFD-4AE0-8640-7160C217486F}.Release|Any CPU.ActiveCfg = Release|Any CPU
		{FDAE7325-EDFD-4AE0-8640-7160C217486F}.Release|Any CPU.Build.0 = Release|Any CPU
	EndGlobalSection
	GlobalSection(SolutionProperties) = preSolution
		HideSolutionNode = FALSE
	EndGlobalSection
	GlobalSection(ExtensibilityGlobals) = postSolution
		SolutionGuid = {62293E53-5485-460F-B7B2-CAFDDE393D0B}
	EndGlobalSection
EndGlobal
